
Microsoft Visual Studio Solution File, Format Version 12.00
# Visual Studio Version 17
VisualStudioVersion = 17.9.34902.65
MinimumVisualStudioVersion = 10.0.40219.1
Project("{FAE04EC0-301F-11D3-BF4B-00C04F79EFBC}") = "PetService.Data", "PetService.Data\PetService.Data.csproj", "{FE842515-6425-4EE6-B471-7C041B07C664}"
EndProject
Project("{FAE04EC0-301F-11D3-BF4B-00C04F79EFBC}") = "PetService.Business", "PetService.Business\PetService.Business.csproj", "{9F9D05AA-F4CA-447E-98B5-D1C9103D5C3E}"
EndProject
Project("{FAE04EC0-301F-11D3-BF4B-00C04F79EFBC}") = "PetService.WpfApp", "PetService.WpfApp\PetService.WpfApp.csproj", "{1AF83D35-F80A-4583-92B4-42DB2C1A85B8}"
EndProject
Project("{FAE04EC0-301F-11D3-BF4B-00C04F79EFBC}") = "PetService.Common", "PetService.Common\PetService.Common.csproj", "{4AB65551-3D2D-4558-BA1E-BFA18D025328}"
EndProject
Global
	GlobalSection(SolutionConfigurationPlatforms) = preSolution
		Debug|Any CPU = Debug|Any CPU
		Release|Any CPU = Release|Any CPU
	EndGlobalSection
	GlobalSection(ProjectConfigurationPlatforms) = postSolution
		{FE842515-6425-4EE6-B471-7C041B07C664}.Debug|Any CPU.ActiveCfg = Debug|Any CPU
		{FE842515-6425-4EE6-B471-7C041B07C664}.Debug|Any CPU.Build.0 = Debug|Any CPU
		{FE842515-6425-4EE6-B471-7C041B07C664}.Release|Any CPU.ActiveCfg = Release|Any CPU
		{FE842515-6425-4EE6-B471-7C041B07C664}.Release|Any CPU.Build.0 = Release|Any CPU
		{9F9D05AA-F4CA-447E-98B5-D1C9103D5C3E}.Debug|Any CPU.ActiveCfg = Debug|Any CPU
		{9F9D05AA-F4CA-447E-98B5-D1C9103D5C3E}.Debug|Any CPU.Build.0 = Debug|Any CPU
		{9F9D05AA-F4CA-447E-98B5-D1C9103D5C3E}.Release|Any CPU.ActiveCfg = Release|Any CPU
		{9F9D05AA-F4CA-447E-98B5-D1C9103D5C3E}.Release|Any CPU.Build.0 = Release|Any CPU
		{1AF83D35-F80A-4583-92B4-42DB2C1A85B8}.Debug|Any CPU.ActiveCfg = Debug|Any CPU
		{1AF83D35-F80A-4583-92B4-42DB2C1A85B8}.Debug|Any CPU.Build.0 = Debug|Any CPU
		{1AF83D35-F80A-4583-92B4-42DB2C1A85B8}.Release|Any CPU.ActiveCfg = Release|Any CPU
		{1AF83D35-F80A-4583-92B4-42DB2C1A85B8}.Release|Any CPU.Build.0 = Release|Any CPU
		{4AB65551-3D2D-4558-BA1E-BFA18D025328}.Debug|Any CPU.ActiveCfg = Debug|Any CPU
		{4AB65551-3D2D-4558-BA1E-BFA18D025328}.Debug|Any CPU.Build.0 = Debug|Any CPU
		{4AB65551-3D2D-4558-BA1E-BFA18D025328}.Release|Any CPU.ActiveCfg = Release|Any CPU
		{4AB65551-3D2D-4558-BA1E-BFA18D025328}.Release|Any CPU.Build.0 = Release|Any CPU
	EndGlobalSection
	GlobalSection(SolutionProperties) = preSolution
		HideSolutionNode = FALSE
	EndGlobalSection
	GlobalSection(ExtensibilityGlobals) = postSolution
		SolutionGuid = {A469EFF2-AEAB-4680-8436-1133CA98B6BC}
	EndGlobalSection
EndGlobal
